// !$*UTF8*$!
{
	archiveVersion = 1;
	classes = {
	};
	objectVersion = 46;
	objects = {

/* Begin PBXBuildFile section */
		7AEA58EC1B7980BA00124F63 /* AppDelegate.swift in Sources */ = {isa = PBXBuildFile; fileRef = 7AEA58EB1B7980BA00124F63 /* AppDelegate.swift */; };
		7AEA58EE1B7980BA00124F63 /* ViewController.swift in Sources */ = {isa = PBXBuildFile; fileRef = 7AEA58ED1B7980BA00124F63 /* ViewController.swift */; };
		7AEA58F11B7980BA00124F63 /* Main.storyboard in Resources */ = {isa = PBXBuildFile; fileRef = 7AEA58EF1B7980BA00124F63 /* Main.storyboard */; };
		7AEA58F31B7980BA00124F63 /* Images.xcassets in Resources */ = {isa = PBXBuildFile; fileRef = 7AEA58F21B7980BA00124F63 /* Images.xcassets */; };
		7AEA58F61B7980BA00124F63 /* LaunchScreen.xib in Resources */ = {isa = PBXBuildFile; fileRef = 7AEA58F41B7980BA00124F63 /* LaunchScreen.xib */; };
		7AEA59021B7980BA00124F63 /* SampleViwTests.swift in Sources */ = {isa = PBXBuildFile; fileRef = 7AEA59011B7980BA00124F63 /* SampleViwTests.swift */; };
/* End PBXBuildFile section */

/* Begin PBXContainerItemProxy section */
		7AEA58FC1B7980BA00124F63 /* PBXContainerItemProxy */ = {
			isa = PBXContainerItemProxy;
			containerPortal = 7AEA58DE1B7980BA00124F63 /* Project object */;
			proxyType = 1;
			remoteGlobalIDString = 7AEA58E51B7980BA00124F63;
			remoteInfo = SampleViw;
		};
/* End PBXContainerItemProxy section */

/* Begin PBXFileReference section */
		7AEA58E61B7980BA00124F63 /* SampleViw.app */ = {isa = PBXFileReference; explicitFileType = wrapper.application; includeInIndex = 0; path = SampleViw.app; sourceTree = BUILT_PRODUCTS_DIR; };
		7AEA58EA1B7980BA00124F63 /* Info.plist */ = {isa = PBXFileReference; lastKnownFileType = text.plist.xml; path = Info.plist; sourceTree = "<group>"; };
		7AEA58EB1B7980BA00124F63 /* AppDelegate.swift */ = {isa = PBXFileReference; lastKnownFileType = sourcecode.swift; path = AppDelegate.swift; sourceTree = "<group>"; };
		7AEA58ED1B7980BA00124F63 /* ViewController.swift */ = {isa = PBXFileReference; lastKnownFileType = sourcecode.swift; path = ViewController.swift; sourceTree = "<group>"; };
		7AEA58F01B7980BA00124F63 /* Base */ = {isa = PBXFileReference; lastKnownFileType = file.storyboard; name = Base; path = Base.lproj/Main.storyboard; sourceTree = "<group>"; };
		7AEA58F21B7980BA00124F63 /* Images.xcassets */ = {isa = PBXFileReference; lastKnownFileType = folder.assetcatalog; path = Images.xcassets; sourceTree = "<group>"; };
		7AEA58F51B7980BA00124F63 /* Base */ = {isa = PBXFileReference; lastKnownFileType = file.xib; name = Base; path = Base.lproj/LaunchScreen.xib; sourceTree = "<group>"; };
		7AEA58FB1B7980BA00124F63 /* SampleViwTests.xctest */ = {isa = PBXFileReference; explicitFileType = wrapper.cfbundle; includeInIndex = 0; path = SampleViwTests.xctest; sourceTree = BUILT_PRODUCTS_DIR; };
		7AEA59001B7980BA00124F63 /* Info.plist */ = {isa = PBXFileReference; lastKnownFileType = text.plist.xml; path = Info.plist; sourceTree = "<group>"; };
		7AEA59011B7980BA00124F63 /* SampleViwTests.swift */ = {isa = PBXFileReference; lastKnownFileType = sourcecode.swift; path = SampleViwTests.swift; sourceTree = "<group>"; };
/* End PBXFileReference section */

/* Begin PBXFrameworksBuildPhase section */
		7AEA58E31B7980BA00124F63 /* Frameworks */ = {
			isa = PBXFrameworksBuildPhase;
			buildActionMask = 2147483647;
			files = (
			);
			runOnlyForDeploymentPostprocessing = 0;
		};
		7AEA58F81B7980BA00124F63 /* Frameworks */ = {
			isa = PBXFrameworksBuildPhase;
			buildActionMask = 2147483647;
			files = (
			);
			runOnlyForDeploymentPostprocessing = 0;
		};
/* End PBXFrameworksBuildPhase section */

/* Begin PBXGroup section */
		7AEA58DD1B7980BA00124F63 = {
			isa = PBXGroup;
			children = (
				7AEA58E81B7980BA00124F63 /* SampleViw */,
				7AEA58FE1B7980BA00124F63 /* SampleViwTests */,
				7AEA58E71B7980BA00124F63 /* Products */,
			);
			sourceTree = "<group>";
		};
		7AEA58E71B7980BA00124F63 /* Products */ = {
			isa = PBXGroup;
			children = (
				7AEA58E61B7980BA00124F63 /* SampleViw.app */,
				7AEA58FB1B7980BA00124F63 /* SampleViwTests.xctest */,
			);
			name = Products;
			sourceTree = "<group>";
		};
		7AEA58E81B7980BA00124F63 /* SampleViw */ = {
			isa = PBXGroup;
			children = (
				7AEA58EB1B7980BA00124F63 /* AppDelegate.swift */,
				7AEA58ED1B7980BA00124F63 /* ViewController.swift */,
				7AEA58EF1B7980BA00124F63 /* Main.storyboard */,
				7AEA58F21B7980BA00124F63 /* Images.xcassets */,
				7AEA58F41B7980BA00124F63 /* LaunchScreen.xib */,
				7AEA58E91B7980BA00124F63 /* Supporting Files */,
			);
			path = SampleViw;
			sourceTree = "<group>";
		};
		7AEA58E91B7980BA00124F63 /* Supporting Files */ = {
			isa = PBXGroup;
			children = (
				7AEA58EA1B7980BA00124F63 /* Info.plist */,
			);
			name = "Supporting Files";
			sourceTree = "<group>";
		};
		7AEA58FE1B7980BA00124F63 /* SampleViwTests */ = {
			isa = PBXGroup;
			children = (
				7AEA59011B7980BA00124F63 /* SampleViwTests.swift */,
				7AEA58FF1B7980BA00124F63 /* Supporting Files */,
			);
			path = SampleViwTests;
			sourceTree = "<group>";
		};
		7AEA58FF1B7980BA00124F63 /* Supporting Files */ = {
			isa = PBXGroup;
			children = (
				7AEA59001B7980BA00124F63 /* Info.plist */,
			);
			name = "Supporting Files";
			sourceTree = "<group>";
		};
/* End PBXGroup section */

/* Begin PBXNativeTarget section */
		7AEA58E51B7980BA00124F63 /* SampleViw */ = {
			isa = PBXNativeTarget;
			buildConfigurationList = 7AEA59051B7980BA00124F63 /* Build configuration list for PBXNativeTarget "SampleViw" */;
			buildPhases = (
				7AEA58E21B7980BA00124F63 /* Sources */,
				7AEA58E31B7980BA00124F63 /* Frameworks */,
				7AEA58E41B7980BA00124F63 /* Resources */,
			);
			buildRules = (
			);
			dependencies = (
			);
			name = SampleViw;
			productName = SampleViw;
			productReference = 7AEA58E61B7980BA00124F63 /* SampleViw.app */;
			productType = "com.apple.product-type.application";
		};
		7AEA58FA1B7980BA00124F63 /* SampleViwTests */ = {
			isa = PBXNativeTarget;
			buildConfigurationList = 7AEA59081B7980BA00124F63 /* Build configuration list for PBXNativeTarget "SampleViwTests" */;
			buildPhases = (
				7AEA58F71B7980BA00124F63 /* Sources */,
				7AEA58F81B7980BA00124F63 /* Frameworks */,
				7AEA58F91B7980BA00124F63 /* Resources */,
			);
			buildRules = (
			);
			dependencies = (
				7AEA58FD1B7980BA00124F63 /* PBXTargetDependency */,
			);
			name = SampleViwTests;
			productName = SampleViwTests;
			productReference = 7AEA58FB1B7980BA00124F63 /* SampleViwTests.xctest */;
			productType = "com.apple.product-type.bundle.unit-test";
		};
/* End PBXNativeTarget section */

/* Begin PBXProject section */
		7AEA58DE1B7980BA00124F63 /* Project object */ = {
			isa = PBXProject;
			attributes = {
				LastUpgradeCheck = 0630;
				ORGANIZATIONNAME = fsail;
				TargetAttributes = {
					7AEA58E51B7980BA00124F63 = {
						CreatedOnToolsVersion = 6.3.2;
					};
					7AEA58FA1B7980BA00124F63 = {
						CreatedOnToolsVersion = 6.3.2;
						TestTargetID = 7AEA58E51B7980BA00124F63;
					};
				};
			};
			buildConfigurationList = 7AEA58E11B7980BA00124F63 /* Build configuration list for PBXProject "SampleViw" */;
			compatibilityVersion = "Xcode 3.2";
			developmentRegion = English;
			hasScannedForEncodings = 0;
			knownRegions = (
				en,
				Base,
			);
			mainGroup = 7AEA58DD1B7980BA00124F63;
			productRefGroup = 7AEA58E71B7980BA00124F63 /* Products */;
			projectDirPath = "";
			projectRoot = "";
			targets = (
				7AEA58E51B7980BA00124F63 /* SampleViw */,
				7AEA58FA1B7980BA00124F63 /* SampleViwTests */,
			);
		};
/* End PBXProject section */

/* Begin PBXResourcesBuildPhase section */
		7AEA58E41B7980BA00124F63 /* Resources */ = {
			isa = PBXResourcesBuildPhase;
			buildActionMask = 2147483647;
			files = (
				7AEA58F11B7980BA00124F63 /* Main.storyboard in Resources */,
				7AEA58F61B7980BA00124F63 /* LaunchScreen.xib in Resources */,
				7AEA58F31B7980BA00124F63 /* Images.xcassets in Resources */,
			);
			runOnlyForDeploymentPostprocessing = 0;
		};
		7AEA58F91B7980BA00124F63 /* Resources */ = {
			isa = PBXResourcesBuildPhase;
			buildActionMask = 2147483647;
			files = (
			);
			runOnlyForDeploymentPostprocessing = 0;
		};
/* End PBXResourcesBuildPhase section */

/* Begin PBXSourcesBuildPhase section */
		7AEA58E21B7980BA00124F63 /* Sources */ = {
			isa = PBXSourcesBuildPhase;
			buildActionMask = 2147483647;
			files = (
				7AEA58EE1B7980BA00124F63 /* ViewController.swift in Sources */,
				7AEA58EC1B7980BA00124F63 /* AppDelegate.swift in Sources */,
			);
			runOnlyForDeploymentPostprocessing = 0;
		};
		7AEA58F71B7980BA00124F63 /* Sources */ = {
			isa = PBXSourcesBuildPhase;
			buildActionMask = 2147483647;
			files = (
				7AEA59021B7980BA00124F63 /* SampleViwTests.swift in Sources */,
			);
			runOnlyForDeploymentPostprocessing = 0;
		};
/* End PBXSourcesBuildPhase section */

/* Begin PBXTargetDependency section */
		7AEA58FD1B7980BA00124F63 /* PBXTargetDependency */ = {
			isa = PBXTargetDependency;
			target = 7AEA58E51B7980BA00124F63 /* SampleViw */;
			targetProxy = 7AEA58FC1B7980BA00124F63 /* PBXContainerItemProxy */;
		};
/* End PBXTargetDependency section */

/* Begin PBXVariantGroup section */
		7AEA58EF1B7980BA00124F63 /* Main.storyboard */ = {
			isa = PBXVariantGroup;
			children = (
				7AEA58F01B7980BA00124F63 /* Base */,
			);
			name = Main.storyboard;
			sourceTree = "<group>";
		};
		7AEA58F41B7980BA00124F63 /* LaunchScreen.xib */ = {
			isa = PBXVariantGroup;
			children = (
				7AEA58F51B7980BA00124F63 /* Base */,
			);
			name = LaunchScreen.xib;
			sourceTree = "<group>";
		};
/* End PBXVariantGroup section */

/* Begin XCBuildConfiguration section */
		7AEA59031B7980BA00124F63 /* Debug */ = {
			isa = XCBuildConfiguration;
			buildSettings = {
				ALWAYS_SEARCH_USER_PATHS = NO;
				CLANG_CXX_LANGUAGE_STANDARD = "gnu++0x";
				CLANG_CXX_LIBRARY = "libc++";
				CLANG_ENABLE_MODULES = YES;
				CLANG_ENABLE_OBJC_ARC = YES;
				CLANG_WARN_BOOL_CONVERSION = YES;
				CLANG_WARN_CONSTANT_CONVERSION = YES;
				CLANG_WARN_DIRECT_OBJC_ISA_USAGE = YES_ERROR;
				CLANG_WARN_EMPTY_BODY = YES;
				CLANG_WARN_ENUM_CONVERSION = YES;
				CLANG_WARN_INT_CONVERSION = YES;
				CLANG_WARN_OBJC_ROOT_CLASS = YES_ERROR;
				CLANG_WARN_UNREACHABLE_CODE = YES;
				CLANG_WARN__DUPLICATE_METHOD_MATCH = YES;
				"CODE_SIGN_IDENTITY[sdk=iphoneos*]" = "iPhone Developer";
				COPY_PHASE_STRIP = NO;
				DEBUG_INFORMATION_FORMAT = "dwarf-with-dsym";
				ENABLE_STRICT_OBJC_MSGSEND = YES;
				GCC_C_LANGUAGE_STANDARD = gnu99;
				GCC_DYNAMIC_NO_PIC = NO;
				GCC_NO_COMMON_BLOCKS = YES;
				GCC_OPTIMIZATION_LEVEL = 0;
				GCC_PREPROCESSOR_DEFINITIONS = (
					"DEBUG=1",
					"$(inherited)",
				);
				GCC_SYMBOLS_PRIVATE_EXTERN = NO;
				GCC_WARN_64_TO_32_BIT_CONVERSION = YES;
				GCC_WARN_ABOUT_RETURN_TYPE = YES_ERROR;
				GCC_WARN_UNDECLARED_SELECTOR = YES;
				GCC_WARN_UNINITIALIZED_AUTOS = YES_AGGRESSIVE;
				GCC_WARN_UNUSED_FUNCTION = YES;
				GCC_WARN_UNUSED_VARIABLE = YES;
				IPHONEOS_DEPLOYMENT_TARGET = 8.3;
				MTL_ENABLE_DEBUG_INFO = YES;
				ONLY_ACTIVE_ARCH = YES;
				SDKROOT = iphoneos;
				SWIFT_OPTIMIZATION_LEVEL = "-Onone";
			};
			name = Debug;
		};
		7AEA59041B7980BA00124F63 /* Release */ = {
			isa = XCBuildConfiguration;
			buildSettings = {
				ALWAYS_SEARCH_USER_PATHS = NO;
				CLANG_CXX_LANGUAGE_STANDARD = "gnu++0x";
				CLANG_CXX_LIBRARY = "libc++";
				CLANG_ENABLE_MODULES = YES;
				CLANG_ENABLE_OBJC_ARC = YES;
				CLANG_WARN_BOOL_CONVERSION = YES;
				CLANG_WARN_CONSTANT_CONVERSION = YES;
				CLANG_WARN_DIRECT_OBJC_ISA_USAGE = YES_ERROR;
				CLANG_WARN_EMPTY_BODY = YES;
				CLANG_WARN_ENUM_CONVERSION = YES;
				CLANG_WARN_INT_CONVERSION = YES;
				CLANG_WARN_OBJC_ROOT_CLASS = YES_ERROR;
				CLANG_WARN_UNREACHABLE_CODE = YES;
				CLANG_WARN__DUPLICATE_METHOD_MATCH = YES;
				"CODE_SIGN_IDENTITY[sdk=iphoneos*]" = "iPhone Developer";
				COPY_PHASE_STRIP = NO;
				DEBUG_INFORMATION_FORMAT = "dwarf-with-dsym";
				ENABLE_NS_ASSERTIONS = NO;
				ENABLE_STRICT_OBJC_MSGSEND = YES;
				GCC_C_LANGUAGE_STANDARD = gnu99;
				GCC_NO_COMMON_BLOCKS = YES;
				GCC_WARN_64_TO_32_BIT_CONVERSION = YES;
				GCC_WARN_ABOUT_RETURN_TYPE = YES_ERROR;
				GCC_WARN_UNDECLARED_SELECTOR = YES;
				GCC_WARN_UNINITIALIZED_AUTOS = YES_AGGRESSIVE;
				GCC_WARN_UNUSED_FUNCTION = YES;
				GCC_WARN_UNUSED_VARIABLE = YES;
				IPHONEOS_DEPLOYMENT_TARGET = 8.3;
				MTL_ENABLE_DEBUG_INFO = NO;
				SDKROOT = iphoneos;
				VALIDATE_PRODUCT = YES;
			};
			name = Release;
		};
		7AEA59061B7980BA00124F63 /* Debug */ = {
			isa = XCBuildConfiguration;
			buildSettings = {
				ASSETCATALOG_COMPILER_APPICON_NAME = AppIcon;
				INFOPLIST_FILE = SampleViw/Info.plist;
				LD_RUNPATH_SEARCH_PATHS = "$(inherited) @executable_path/Frameworks";
				PRODUCT_NAME = "$(TARGET_NAME)";
			};
			name = Debug;
		};
		7AEA59071B7980BA00124F63 /* Release */ = {
			isa = XCBuildConfiguration;
			buildSettings = {
				ASSETCATALOG_COMPILER_APPICON_NAME = AppIcon;
				INFOPLIST_FILE = SampleViw/Info.plist;
				LD_RUNPATH_SEARCH_PATHS = "$(inherited) @executable_path/Frameworks";
				PRODUCT_NAME = "$(TARGET_NAME)";
			};
			name = Release;
		};
		7AEA59091B7980BA00124F63 /* Debug */ = {
			isa = XCBuildConfiguration;
			buildSettings = {
				BUNDLE_LOADER = "$(TEST_HOST)";
				FRAMEWORK_SEARCH_PATHS = (
					"$(SDKROOT)/Developer/Library/Frameworks",
					"$(inherited)",
				);
				GCC_PREPROCESSOR_DEFINITIONS = (
					"DEBUG=1",
					"$(inherited)",
				);
				INFOPLIST_FILE = SampleViwTests/Info.plist;
				LD_RUNPATH_SEARCH_PATHS = "$(inherited) @executable_path/Frameworks @loader_path/Frameworks";
				PRODUCT_NAME = "$(TARGET_NAME)";
				TEST_HOST = "$(BUILT_PRODUCTS_DIR)/SampleViw.app/SampleViw";
			};
			name = Debug;
		};
		7AEA590A1B7980BA00124F63 /* Release */ = {
			isa = XCBuildConfiguration;
			buildSettings = {
				BUNDLE_LOADER = "$(TEST_HOST)";
				FRAMEWORK_SEARCH_PATHS = (
					"$(SDKROOT)/Developer/Library/Frameworks",
					"$(inherited)",
				);
				INFOPLIST_FILE = SampleViwTests/Info.plist;
				LD_RUNPATH_SEARCH_PATHS = "$(inherited) @executable_path/Frameworks @loader_path/Frameworks";
				PRODUCT_NAME = "$(TARGET_NAME)";
				TEST_HOST = "$(BUILT_PRODUCTS_DIR)/SampleViw.app/SampleViw";
			};
			name = Release;
		};
/* End XCBuildConfiguration section */

/* Begin XCConfigurationList section */
		7AEA58E11B7980BA00124F63 /* Build configuration list for PBXProject "SampleViw" */ = {
			isa = XCConfigurationList;
			buildConfigurations = (
				7AEA59031B7980BA00124F63 /* Debug */,
				7AEA59041B7980BA00124F63 /* Release */,
			);
			defaultConfigurationIsVisible = 0;
			defaultConfigurationName = Release;
		};
		7AEA59051B7980BA00124F63 /* Build configuration list for PBXNativeTarget "SampleViw" */ = {
			isa = XCConfigurationList;
			buildConfigurations = (
				7AEA59061B7980BA00124F63 /* Debug */,
				7AEA59071B7980BA00124F63 /* Release */,
			);
			defaultConfigurationIsVisible = 0;
		};
		7AEA59081B7980BA00124F63 /* Build configuration list for PBXNativeTarget "SampleViwTests" */ = {
			isa = XCConfigurationList;
			buildConfigurations = (
				7AEA59091B7980BA00124F63 /* Debug */,
				7AEA590A1B7980BA00124F63 /* Release */,
			);
			defaultConfigurationIsVisible = 0;
		};
/* End XCConfigurationList section */
	};
	rootObject = 7AEA58DE1B7980BA00124F63 /* Project object */;
}
